
Microsoft Visual Studio Solution File, Format Version 12.00
# Visual Studio 2013
VisualStudioVersion = 12.0.30501.0
MinimumVisualStudioVersion = 10.0.40219.1
Project("{FAE04EC0-301F-11D3-BF4B-00C04F79EFBC}") = "MyCoop.WebApi", "MyCoop.WebApi\MyCoop.WebApi.csproj", "{3961C1CA-FC00-4716-B51C-1B390D3B0452}"
EndProject
Project("{FAE04EC0-301F-11D3-BF4B-00C04F79EFBC}") = "MyCoop", "MyCoop\MyCoop.csproj", "{A1660934-0636-4D53-A99D-282BE5A99018}"
EndProject
Project("{FAE04EC0-301F-11D3-BF4B-00C04F79EFBC}") = "OnlineEditorsExample", "OnlineEditorsExample\OnlineEditorsExample.csproj", "{3270EDBC-C0AB-4138-AE26-8A26D426D348}"
EndProject
Global
	GlobalSection(SolutionConfigurationPlatforms) = preSolution
		Debug|Any CPU = Debug|Any CPU
		Release|Any CPU = Release|Any CPU
	EndGlobalSection
	GlobalSection(ProjectConfigurationPlatforms) = postSolution
		{3961C1CA-FC00-4716-B51C-1B390D3B0452}.Debug|Any CPU.ActiveCfg = Debug|Any CPU
		{3961C1CA-FC00-4716-B51C-1B390D3B0452}.Debug|Any CPU.Build.0 = Debug|Any CPU
		{3961C1CA-FC00-4716-B51C-1B390D3B0452}.Release|Any CPU.ActiveCfg = Release|Any CPU
		{3961C1CA-FC00-4716-B51C-1B390D3B0452}.Release|Any CPU.Build.0 = Release|Any CPU
		{A1660934-0636-4D53-A99D-282BE5A99018}.Debug|Any CPU.ActiveCfg = Debug|Any CPU
		{A1660934-0636-4D53-A99D-282BE5A99018}.Debug|Any CPU.Build.0 = Debug|Any CPU
		{A1660934-0636-4D53-A99D-282BE5A99018}.Release|Any CPU.ActiveCfg = Release|Any CPU
		{A1660934-0636-4D53-A99D-282BE5A99018}.Release|Any CPU.Build.0 = Release|Any CPU
		{3270EDBC-C0AB-4138-AE26-8A26D426D348}.Debug|Any CPU.ActiveCfg = Debug|Any CPU
		{3270EDBC-C0AB-4138-AE26-8A26D426D348}.Debug|Any CPU.Build.0 = Debug|Any CPU
		{3270EDBC-C0AB-4138-AE26-8A26D426D348}.Release|Any CPU.ActiveCfg = Release|Any CPU
		{3270EDBC-C0AB-4138-AE26-8A26D426D348}.Release|Any CPU.Build.0 = Release|Any CPU
	EndGlobalSection
	GlobalSection(SolutionProperties) = preSolution
		HideSolutionNode = FALSE
	EndGlobalSection
EndGlobal
